
Microsoft Visual Studio Solution File, Format Version 12.00
Project("{FAE04EC0-301F-11D3-BF4B-00C04F79EFBC}") = "YTT_6_2", "YTT_6_2\YTT_6_2.csproj", "{65D12AF6-F953-4356-A92A-24BC193F9DDF}"
EndProject
Global
	GlobalSection(SolutionConfigurationPlatforms) = preSolution
		Debug|Any CPU = Debug|Any CPU
		Release|Any CPU = Release|Any CPU
	EndGlobalSection
	GlobalSection(ProjectConfigurationPlatforms) = postSolution
		{65D12AF6-F953-4356-A92A-24BC193F9DDF}.Debug|Any CPU.ActiveCfg = Debug|Any CPU
		{65D12AF6-F953-4356-A92A-24BC193F9DDF}.Debug|Any CPU.Build.0 = Debug|Any CPU
		{65D12AF6-F953-4356-A92A-24BC193F9DDF}.Release|Any CPU.ActiveCfg = Release|Any CPU
		{65D12AF6-F953-4356-A92A-24BC193F9DDF}.Release|Any CPU.Build.0 = Release|Any CPU
	EndGlobalSection
EndGlobal
